<Solution>
  <Folder Name="/App/">
    <Project Path="src/App/BionicAthlete.Desktop/BionicAthlete.Desktop.csproj" />
    <Project Path="src/App/BionicAthlete.Presentation.ViewModel/BionicAthlete.Presentation.ViewModel.csproj" Id="67ecd331-b555-433e-bd18-21e431b0e0fc" />
    <Project Path="src/App/BionicAthlete.Presentation/BionicAthlete.Presentation.csproj" Id="cb6f6f76-849f-4bf0-aec8-bbcdad644629" />
  </Folder>
  <Folder Name="/BuildingBlocks/">
    <Project Path="src/BuildingBlocks/BionicAthlete.FileSystem.Abstractions/BionicAthlete.FileSystem.Abstractions.csproj" Id="c7d3bdf1-8721-4f13-ab8f-313bb5749a0a" />
    <Project Path="src/BuildingBlocks/BionicAthlete.Shared/BionicAthlete.Shared.csproj" Id="5379f4eb-ed6c-42ff-98a0-19fe178d6d72" />
    <Project Path="src/BuildingBlocks/BionicCode.Utilities.Net.Wpf/BionicCode.Utilities.Net.Wpf.csproj" Id="37266a71-ea2e-4f8a-944b-7ea647857cc9" />
    <Project Path="src/BuildingBlocks/BionicCode.Utilities.Net/BionicCode.Utilities.Net.Common.csproj" Id="94d4e617-5321-4727-9240-883733e2bd93" />
  </Folder>
  <Folder Name="/Infrastructure/">
    <Project Path="src/Infrastructure/BionicAthlete.Infrastructure.FileSystem/BionicAthlete.Infrastructure.FileSystem.csproj" Id="93730a33-415b-4fa2-8c42-be47067111bf" />
  </Folder>
  <Folder Name="/Modules/" />
  <Folder Name="/Tests/" />
  <Folder Name="/Tests/Training/">
    <Project Path="test/Modules/Training/BionicAthlete.Training.Test/BionicAthlete.Training.Test.csproj" Id="dd37f401-590b-48d6-b6e4-6962a05e8dca" />
  </Folder>
  <Folder Name="/Modules/BodyMetrics/">
    <Project Path="src/Modules/BodyMetrics/BionicAthlete.BodyMetrics.Application/BionicAthlete.BodyMetrics.Application.csproj" Id="370514e1-171f-4287-b7c3-eb4c1d41207e" />
    <Project Path="src/Modules/BodyMetrics/BionicAthlete.BodyMetrics.Domain/BionicAthlete.BodyMetrics.Domain.csproj" Id="8c6385f5-2608-460a-aa16-2e53bb68db1b" />
    <Project Path="src/Modules/BodyMetrics/BionicAthlete.BodyMetrics.Infrastructure.Persistence/BionicAthlete.BodyMetrics.Infrastructure.Persistence.csproj" Id="aaa6290e-f306-4b75-973d-945dcc98438e" />
    <Project Path="src/Modules/BodyMetrics/BionicAthlete.BodyMetrics.Presentation/BionicAthlete.BodyMetrics.Presentation.csproj" Id="4c270ec9-4de2-4bd0-bbc6-9d77504f4f66" />
  </Folder>
  <Folder Name="/Modules/Coaching/" />
  <Folder Name="/Modules/Nutrition/">
    <Project Path="src/Modules/Nutrition/BionicAthlete.Nutrition.Application/BionicAthlete.Nutrition.Application.csproj" Id="038c572b-e254-4d32-8e38-387289aece73" />
    <Project Path="src/Modules/Nutrition/BionicAthlete.Nutrition.Domain/BionicAthlete.Nutrition.Domain.csproj" Id="4ff72f72-2314-4870-92b1-abbc4ec384c1" />
    <Project Path="src/Modules/Nutrition/BionicAthlete.Nutrition.Infrastructure.Persistence/BionicAthlete.Nutrition.Infrastructure.Persistence.csproj" Id="a1952e07-883d-4055-9400-28afb6a5fe2f" />
    <Project Path="src/Modules/Nutrition/BionicAthlete.Nutrition.Presentation/BionicAthlete.Nutrition.Presentation.csproj" Id="32d09dd0-dae3-4a09-8bae-498470076673" />
  </Folder>
  <Folder Name="/Modules/Training/">
    <Project Path="src/Modules/Training/BionicAthlete.Training.Application/BionicAthlete.Training.Application.csproj" Id="b4353f08-538e-4860-a1e6-8341d42ca5e1" />
    <Project Path="src/Modules/Training/BionicAthlete.Training.Domain/BionicAthlete.Training.Domain.csproj" Id="1389a9c6-e976-42f0-821f-adfa93806686" />
    <Project Path="src/Modules/Training/BionicAthlete.Training.Exporting/BionicAthlete.Training.Exporting.csproj" Id="f1d81b43-d5e8-4a20-86dd-4e8f5cc6eafb" />
    <Project Path="src/Modules/Training/BionicAthlete.Training.Infrastructure.GarminFit/BionicAthlete.Training.Infrastructure.GarminFit.csproj" Id="8d55346d-ee78-40b7-9cad-30aa16f53630" />
    <Project Path="src/Modules/Training/BionicAthlete.Training.Infrastructure.Persistence/BionicAthlete.Training.Infrastructure.Persistence.csproj" Id="367d7ca9-e782-41c7-8f19-74cdffac5739" />
    <Project Path="src/Modules/Training/BionicAthlete.Training.Metrics/BionicAthlete.Training.Metrics.csproj" Id="845366d0-a67a-491f-8aa5-95cb4f844f2a" />
    <Project Path="src/Modules/Training/BionicAthlete.Training.Presentation.ViewModel/BionicAthlete.Training.Presentation.ViewModel.csproj" Id="15f3ad11-0172-4f41-bd19-3c0e5f3ef931" />
    <Project Path="src/Modules/Training/BionicAthlete.Training.Presentation/BionicAthlete.Training.Presentation.csproj" />
    <Project Path="src/Modules/Training/BionicAthlete.Training.Reporting/BionicAthlete.Training.Reporting.csproj" Id="b2d0de9e-1f8d-4b58-8b26-f5e99e5eb2c3" />
  </Folder>
</Solution>
